{
  "version": 4,
  "terraform_version": "1.7.5",
  "serial": 7,
  "lineage": "ac04203b-c9a9-fbf3-2d5d-555ec48ef3d2",
  "outputs": {},
  "resources": [
    {
      "mode": "data",
      "type": "azurerm_client_config",
      "name": "current",
      "provider": "provider[\"registry.terraform.io/hashicorp/azurerm\"]",
      "instances": [
        {
          "schema_version": 0,
          "attributes": {
            "client_id": "04b07795-8ddb-461a-bbee-02f9e1bf7b46",
            "id": "Y2xpZW50Q29uZmlncy9jbGllbnRJZD0wNGIwNzc5NS04ZGRiLTQ2MWEtYmJlZS0wMmY5ZTFiZjdiNDY7b2JqZWN0SWQ9M2Q5NGY2N2QtMmYzMS00NTVkLWJmYTctOWRmMTI3ZWQyNGI3O3N1YnNjcmlwdGlvbklkPTczNzYyYTBjLTY2YTUtNGM3ZS05NTY1LWZjNTQ4NTRkY2FiMDt0ZW5hbnRJZD1iZWM3ZDNlOC01MTVlLTQyODItYmYwZC02NDY0NjcyNTA5NDg=",
            "object_id": "3d94f67d-2f31-455d-bfa7-9df127ed24b7",
            "subscription_id": "73762a0c-66a5-4c7e-9565-fc54854dcab0",
            "tenant_id": "bec7d3e8-515e-4282-bf0d-646467250948",
            "timeouts": null
          },
          "sensitive_attributes": []
        }
      ]
    },
    {
      "mode": "managed",
      "type": "azurerm_key_vault",
      "name": "keyvault",
      "provider": "provider[\"registry.terraform.io/hashicorp/azurerm\"]",
      "instances": [
        {
          "schema_version": 2,
          "attributes": {
            "access_policy": [],
            "contact": [],
            "enable_rbac_authorization": false,
            "enabled_for_deployment": false,
            "enabled_for_disk_encryption": false,
            "enabled_for_template_deployment": false,
            "id": "/subscriptions/73762a0c-66a5-4c7e-9565-fc54854dcab0/resourceGroups/rg-roamler-2308/providers/Microsoft.KeyVault/vaults/keyvault-roamler-2308",
            "location": "westeurope",
            "name": "keyvault-roamler-2308",
            "network_acls": [
              {
                "bypass": "AzureServices",
                "default_action": "Allow",
                "ip_rules": [],
                "virtual_network_subnet_ids": []
              }
            ],
            "public_network_access_enabled": true,
            "purge_protection_enabled": false,
            "resource_group_name": "rg-roamler-2308",
            "sku_name": "standard",
            "soft_delete_retention_days": 7,
            "tags": null,
            "tenant_id": "bec7d3e8-515e-4282-bf0d-646467250948",
            "timeouts": null,
            "vault_uri": "https://keyvault-roamler-2308.vault.azure.net/"
          },
          "sensitive_attributes": [],
          "private": "eyJlMmJmYjczMC1lY2FhLTExZTYtOGY4OC0zNDM2M2JjN2M0YzAiOnsiY3JlYXRlIjoxODAwMDAwMDAwMDAwLCJkZWxldGUiOjE4MDAwMDAwMDAwMDAsInJlYWQiOjMwMDAwMDAwMDAwMCwidXBkYXRlIjoxODAwMDAwMDAwMDAwfSwic2NoZW1hX3ZlcnNpb24iOiIyIn0=",
          "dependencies": [
            "data.azurerm_client_config.current"
          ]
        }
      ]
    },
    {
      "mode": "managed",
      "type": "azurerm_key_vault_access_policy",
      "name": "kv_policy",
      "provider": "provider[\"registry.terraform.io/hashicorp/azurerm\"]",
      "instances": [
        {
          "schema_version": 0,
          "attributes": {
            "application_id": null,
            "certificate_permissions": null,
            "id": "/subscriptions/73762a0c-66a5-4c7e-9565-fc54854dcab0/resourceGroups/rg-roamler-2308/providers/Microsoft.KeyVault/vaults/keyvault-roamler-2308/objectId/637dd29c-880a-4b75-8bf2-61c418d4fc1a",
            "key_permissions": null,
            "key_vault_id": "/subscriptions/73762a0c-66a5-4c7e-9565-fc54854dcab0/resourceGroups/rg-roamler-2308/providers/Microsoft.KeyVault/vaults/keyvault-roamler-2308",
            "object_id": "637dd29c-880a-4b75-8bf2-61c418d4fc1a",
            "secret_permissions": [
              "Get",
              "List"
            ],
            "storage_permissions": null,
            "tenant_id": "bec7d3e8-515e-4282-bf0d-646467250948",
            "timeouts": null
          },
          "sensitive_attributes": [],
          "private": "eyJlMmJmYjczMC1lY2FhLTExZTYtOGY4OC0zNDM2M2JjN2M0YzAiOnsiY3JlYXRlIjoxODAwMDAwMDAwMDAwLCJkZWxldGUiOjE4MDAwMDAwMDAwMDAsInJlYWQiOjMwMDAwMDAwMDAwMCwidXBkYXRlIjoxODAwMDAwMDAwMDAwfX0=",
          "dependencies": [
            "azurerm_key_vault.keyvault",
            "azurerm_user_assigned_identity.function_identity",
            "data.azurerm_client_config.current"
          ]
        }
      ]
    },
    {
      "mode": "managed",
      "type": "azurerm_resource_group",
      "name": "rg",
      "provider": "provider[\"registry.terraform.io/hashicorp/azurerm\"]",
      "instances": [
        {
          "schema_version": 0,
          "attributes": {
            "id": "/subscriptions/73762a0c-66a5-4c7e-9565-fc54854dcab0/resourceGroups/rg-roamler-2308",
            "location": "westeurope",
            "managed_by": "",
            "name": "rg-roamler-2308",
            "tags": null,
            "timeouts": null
          },
          "sensitive_attributes": [],
          "private": "eyJlMmJmYjczMC1lY2FhLTExZTYtOGY4OC0zNDM2M2JjN2M0YzAiOnsiY3JlYXRlIjo1NDAwMDAwMDAwMDAwLCJkZWxldGUiOjU0MDAwMDAwMDAwMDAsInJlYWQiOjMwMDAwMDAwMDAwMCwidXBkYXRlIjo1NDAwMDAwMDAwMDAwfX0="
        }
      ]
    },
    {
      "mode": "managed",
      "type": "azurerm_service_plan",
      "name": "asp",
      "provider": "provider[\"registry.terraform.io/hashicorp/azurerm\"]",
      "instances": [
        {
          "schema_version": 1,
          "attributes": {
            "app_service_environment_id": "",
            "id": "/subscriptions/73762a0c-66a5-4c7e-9565-fc54854dcab0/resourceGroups/rg-roamler-2308/providers/Microsoft.Web/serverFarms/appserviceplan-roamler-2308",
            "kind": "app",
            "location": "westeurope",
            "maximum_elastic_worker_count": 1,
            "name": "appserviceplan-roamler-2308",
            "os_type": "Windows",
            "per_site_scaling_enabled": false,
            "reserved": false,
            "resource_group_name": "rg-roamler-2308",
            "sku_name": "P1v2",
            "tags": null,
            "timeouts": null,
            "worker_count": 1,
            "zone_balancing_enabled": false
          },
          "sensitive_attributes": [],
          "private": "eyJlMmJmYjczMC1lY2FhLTExZTYtOGY4OC0zNDM2M2JjN2M0YzAiOnsiY3JlYXRlIjozNjAwMDAwMDAwMDAwLCJkZWxldGUiOjM2MDAwMDAwMDAwMDAsInJlYWQiOjMwMDAwMDAwMDAwMCwidXBkYXRlIjozNjAwMDAwMDAwMDAwfSwic2NoZW1hX3ZlcnNpb24iOiIxIn0="
        }
      ]
    },
    {
      "mode": "managed",
      "type": "azurerm_user_assigned_identity",
      "name": "function_identity",
      "provider": "provider[\"registry.terraform.io/hashicorp/azurerm\"]",
      "instances": [
        {
          "schema_version": 1,
          "attributes": {
            "client_id": "8a9b677f-c3d7-4473-a156-b42845f9670b",
            "id": "/subscriptions/73762a0c-66a5-4c7e-9565-fc54854dcab0/resourceGroups/rg-roamler-2308/providers/Microsoft.ManagedIdentity/userAssignedIdentities/identity-roamler-2308",
            "location": "westeurope",
            "name": "identity-roamler-2308",
            "principal_id": "637dd29c-880a-4b75-8bf2-61c418d4fc1a",
            "resource_group_name": "rg-roamler-2308",
            "tags": null,
            "tenant_id": "bec7d3e8-515e-4282-bf0d-646467250948",
            "timeouts": null
          },
          "sensitive_attributes": [],
          "private": "eyJlMmJmYjczMC1lY2FhLTExZTYtOGY4OC0zNDM2M2JjN2M0YzAiOnsiY3JlYXRlIjoxODAwMDAwMDAwMDAwLCJkZWxldGUiOjE4MDAwMDAwMDAwMDAsInJlYWQiOjMwMDAwMDAwMDAwMCwidXBkYXRlIjoxODAwMDAwMDAwMDAwfSwic2NoZW1hX3ZlcnNpb24iOiIxIn0="
        }
      ]
    }
  ],
  "check_results": null
}
