{
  "version": 4,
  "terraform_version": "1.7.5",
  "serial": 10,
  "lineage": "ac04203b-c9a9-fbf3-2d5d-555ec48ef3d2",
  "outputs": {},
  "resources": [
    {
      "mode": "data",
      "type": "azurerm_client_config",
      "name": "current",
      "provider": "provider[\"registry.terraform.io/hashicorp/azurerm\"]",
      "instances": [
        {
          "schema_version": 0,
          "attributes": {
            "client_id": "04b07795-8ddb-461a-bbee-02f9e1bf7b46",
            "id": "Y2xpZW50Q29uZmlncy9jbGllbnRJZD0wNGIwNzc5NS04ZGRiLTQ2MWEtYmJlZS0wMmY5ZTFiZjdiNDY7b2JqZWN0SWQ9M2Q5NGY2N2QtMmYzMS00NTVkLWJmYTctOWRmMTI3ZWQyNGI3O3N1YnNjcmlwdGlvbklkPTczNzYyYTBjLTY2YTUtNGM3ZS05NTY1LWZjNTQ4NTRkY2FiMDt0ZW5hbnRJZD1iZWM3ZDNlOC01MTVlLTQyODItYmYwZC02NDY0NjcyNTA5NDg=",
            "object_id": "3d94f67d-2f31-455d-bfa7-9df127ed24b7",
            "subscription_id": "73762a0c-66a5-4c7e-9565-fc54854dcab0",
            "tenant_id": "bec7d3e8-515e-4282-bf0d-646467250948",
            "timeouts": null
          },
          "sensitive_attributes": []
        }
      ]
    },
    {
      "mode": "managed",
      "type": "azurerm_key_vault",
      "name": "keyvault",
      "provider": "provider[\"registry.terraform.io/hashicorp/azurerm\"]",
      "instances": [
        {
          "schema_version": 2,
          "attributes": {
            "access_policy": [
              {
                "application_id": "",
                "certificate_permissions": [],
                "key_permissions": [],
                "object_id": "637dd29c-880a-4b75-8bf2-61c418d4fc1a",
                "secret_permissions": [
                  "Get",
                  "List"
                ],
                "storage_permissions": [],
                "tenant_id": "bec7d3e8-515e-4282-bf0d-646467250948"
              }
            ],
            "contact": [],
            "enable_rbac_authorization": false,
            "enabled_for_deployment": false,
            "enabled_for_disk_encryption": false,
            "enabled_for_template_deployment": false,
            "id": "/subscriptions/73762a0c-66a5-4c7e-9565-fc54854dcab0/resourceGroups/rg-roamler-2308/providers/Microsoft.KeyVault/vaults/keyvault-roamler-2308",
            "location": "westeurope",
            "name": "keyvault-roamler-2308",
            "network_acls": [
              {
                "bypass": "AzureServices",
                "default_action": "Allow",
                "ip_rules": [],
                "virtual_network_subnet_ids": []
              }
            ],
            "public_network_access_enabled": true,
            "purge_protection_enabled": false,
            "resource_group_name": "rg-roamler-2308",
            "sku_name": "standard",
            "soft_delete_retention_days": 7,
            "tags": {},
            "tenant_id": "bec7d3e8-515e-4282-bf0d-646467250948",
            "timeouts": null,
            "vault_uri": "https://keyvault-roamler-2308.vault.azure.net/"
          },
          "sensitive_attributes": [],
          "private": "eyJlMmJmYjczMC1lY2FhLTExZTYtOGY4OC0zNDM2M2JjN2M0YzAiOnsiY3JlYXRlIjoxODAwMDAwMDAwMDAwLCJkZWxldGUiOjE4MDAwMDAwMDAwMDAsInJlYWQiOjMwMDAwMDAwMDAwMCwidXBkYXRlIjoxODAwMDAwMDAwMDAwfSwic2NoZW1hX3ZlcnNpb24iOiIyIn0=",
          "dependencies": [
            "data.azurerm_client_config.current"
          ]
        }
      ]
    },
    {
      "mode": "managed",
      "type": "azurerm_key_vault_access_policy",
      "name": "kv_policy",
      "provider": "provider[\"registry.terraform.io/hashicorp/azurerm\"]",
      "instances": [
        {
          "schema_version": 0,
          "attributes": {
            "application_id": "",
            "certificate_permissions": [],
            "id": "/subscriptions/73762a0c-66a5-4c7e-9565-fc54854dcab0/resourceGroups/rg-roamler-2308/providers/Microsoft.KeyVault/vaults/keyvault-roamler-2308/objectId/637dd29c-880a-4b75-8bf2-61c418d4fc1a",
            "key_permissions": [],
            "key_vault_id": "/subscriptions/73762a0c-66a5-4c7e-9565-fc54854dcab0/resourceGroups/rg-roamler-2308/providers/Microsoft.KeyVault/vaults/keyvault-roamler-2308",
            "object_id": "637dd29c-880a-4b75-8bf2-61c418d4fc1a",
            "secret_permissions": [
              "Get",
              "List"
            ],
            "storage_permissions": [],
            "tenant_id": "bec7d3e8-515e-4282-bf0d-646467250948",
            "timeouts": null
          },
          "sensitive_attributes": [],
          "private": "eyJlMmJmYjczMC1lY2FhLTExZTYtOGY4OC0zNDM2M2JjN2M0YzAiOnsiY3JlYXRlIjoxODAwMDAwMDAwMDAwLCJkZWxldGUiOjE4MDAwMDAwMDAwMDAsInJlYWQiOjMwMDAwMDAwMDAwMCwidXBkYXRlIjoxODAwMDAwMDAwMDAwfX0=",
          "dependencies": [
            "azurerm_key_vault.keyvault",
            "azurerm_user_assigned_identity.function_identity",
            "data.azurerm_client_config.current"
          ]
        }
      ]
    },
    {
      "mode": "managed",
      "type": "azurerm_resource_group",
      "name": "rg",
      "provider": "provider[\"registry.terraform.io/hashicorp/azurerm\"]",
      "instances": [
        {
          "schema_version": 0,
          "attributes": {
            "id": "/subscriptions/73762a0c-66a5-4c7e-9565-fc54854dcab0/resourceGroups/rg-roamler-2308",
            "location": "westeurope",
            "managed_by": "",
            "name": "rg-roamler-2308",
            "tags": {},
            "timeouts": null
          },
          "sensitive_attributes": [],
          "private": "eyJlMmJmYjczMC1lY2FhLTExZTYtOGY4OC0zNDM2M2JjN2M0YzAiOnsiY3JlYXRlIjo1NDAwMDAwMDAwMDAwLCJkZWxldGUiOjU0MDAwMDAwMDAwMDAsInJlYWQiOjMwMDAwMDAwMDAwMCwidXBkYXRlIjo1NDAwMDAwMDAwMDAwfX0="
        }
      ]
    },
    {
      "mode": "managed",
      "type": "azurerm_service_plan",
      "name": "asp",
      "provider": "provider[\"registry.terraform.io/hashicorp/azurerm\"]",
      "instances": [
        {
          "schema_version": 1,
          "attributes": {
            "app_service_environment_id": "",
            "id": "/subscriptions/73762a0c-66a5-4c7e-9565-fc54854dcab0/resourceGroups/rg-roamler-2308/providers/Microsoft.Web/serverFarms/appserviceplan-roamler-2308",
            "kind": "app",
            "location": "westeurope",
            "maximum_elastic_worker_count": 1,
            "name": "appserviceplan-roamler-2308",
            "os_type": "Windows",
            "per_site_scaling_enabled": false,
            "reserved": false,
            "resource_group_name": "rg-roamler-2308",
            "sku_name": "P1v2",
            "tags": {},
            "timeouts": null,
            "worker_count": 1,
            "zone_balancing_enabled": false
          },
          "sensitive_attributes": [],
          "private": "eyJlMmJmYjczMC1lY2FhLTExZTYtOGY4OC0zNDM2M2JjN2M0YzAiOnsiY3JlYXRlIjozNjAwMDAwMDAwMDAwLCJkZWxldGUiOjM2MDAwMDAwMDAwMDAsInJlYWQiOjMwMDAwMDAwMDAwMCwidXBkYXRlIjozNjAwMDAwMDAwMDAwfSwic2NoZW1hX3ZlcnNpb24iOiIxIn0="
        }
      ]
    },
    {
      "mode": "managed",
      "type": "azurerm_storage_account",
      "name": "storage",
      "provider": "provider[\"registry.terraform.io/hashicorp/azurerm\"]",
      "instances": [
        {
          "schema_version": 4,
          "attributes": {
            "access_tier": "Hot",
            "account_kind": "StorageV2",
            "account_replication_type": "LRS",
            "account_tier": "Standard",
            "allow_nested_items_to_be_public": true,
            "allowed_copy_scope": "",
            "azure_files_authentication": [],
            "blob_properties": [
              {
                "change_feed_enabled": false,
                "change_feed_retention_in_days": 0,
                "container_delete_retention_policy": [],
                "cors_rule": [],
                "default_service_version": "",
                "delete_retention_policy": [],
                "last_access_time_enabled": false,
                "restore_policy": [],
                "versioning_enabled": false
              }
            ],
            "cross_tenant_replication_enabled": false,
            "custom_domain": [],
            "customer_managed_key": [],
            "default_to_oauth_authentication": false,
            "dns_endpoint_type": "Standard",
            "edge_zone": "",
            "https_traffic_only_enabled": true,
            "id": "/subscriptions/73762a0c-66a5-4c7e-9565-fc54854dcab0/resourceGroups/rg-roamler-2308/providers/Microsoft.Storage/storageAccounts/storageroamler2308",
            "identity": [],
            "immutability_policy": [],
            "infrastructure_encryption_enabled": false,
            "is_hns_enabled": false,
            "large_file_share_enabled": false,
            "local_user_enabled": true,
            "location": "westeurope",
            "min_tls_version": "TLS1_2",
            "name": "storageroamler2308",
            "network_rules": [],
            "nfsv3_enabled": false,
            "primary_access_key": "JM0W3SXP+L+/4fN5l1gsN2owWKoAcPCyqfSG3mVMybp/8Hq2Vvjx6M7QmX9xwE3zmnrwRgXESlsW+AStAnEyQQ==",
            "primary_blob_connection_string": "DefaultEndpointsProtocol=https;BlobEndpoint=https://storageroamler2308.blob.core.windows.net/;AccountName=storageroamler2308;AccountKey=JM0W3SXP+L+/4fN5l1gsN2owWKoAcPCyqfSG3mVMybp/8Hq2Vvjx6M7QmX9xwE3zmnrwRgXESlsW+AStAnEyQQ==",
            "primary_blob_endpoint": "https://storageroamler2308.blob.core.windows.net/",
            "primary_blob_host": "storageroamler2308.blob.core.windows.net",
            "primary_blob_internet_endpoint": "",
            "primary_blob_internet_host": "",
            "primary_blob_microsoft_endpoint": "",
            "primary_blob_microsoft_host": "",
            "primary_connection_string": "DefaultEndpointsProtocol=https;AccountName=storageroamler2308;AccountKey=JM0W3SXP+L+/4fN5l1gsN2owWKoAcPCyqfSG3mVMybp/8Hq2Vvjx6M7QmX9xwE3zmnrwRgXESlsW+AStAnEyQQ==;EndpointSuffix=core.windows.net",
            "primary_dfs_endpoint": "https://storageroamler2308.dfs.core.windows.net/",
            "primary_dfs_host": "storageroamler2308.dfs.core.windows.net",
            "primary_dfs_internet_endpoint": "",
            "primary_dfs_internet_host": "",
            "primary_dfs_microsoft_endpoint": "",
            "primary_dfs_microsoft_host": "",
            "primary_file_endpoint": "https://storageroamler2308.file.core.windows.net/",
            "primary_file_host": "storageroamler2308.file.core.windows.net",
            "primary_file_internet_endpoint": "",
            "primary_file_internet_host": "",
            "primary_file_microsoft_endpoint": "",
            "primary_file_microsoft_host": "",
            "primary_location": "westeurope",
            "primary_queue_endpoint": "https://storageroamler2308.queue.core.windows.net/",
            "primary_queue_host": "storageroamler2308.queue.core.windows.net",
            "primary_queue_microsoft_endpoint": "",
            "primary_queue_microsoft_host": "",
            "primary_table_endpoint": "https://storageroamler2308.table.core.windows.net/",
            "primary_table_host": "storageroamler2308.table.core.windows.net",
            "primary_table_microsoft_endpoint": "",
            "primary_table_microsoft_host": "",
            "primary_web_endpoint": "https://storageroamler2308.z6.web.core.windows.net/",
            "primary_web_host": "storageroamler2308.z6.web.core.windows.net",
            "primary_web_internet_endpoint": "",
            "primary_web_internet_host": "",
            "primary_web_microsoft_endpoint": "",
            "primary_web_microsoft_host": "",
            "public_network_access_enabled": true,
            "queue_encryption_key_type": "Service",
            "queue_properties": [
              {
                "cors_rule": [],
                "hour_metrics": [
                  {
                    "enabled": true,
                    "include_apis": true,
                    "retention_policy_days": 7,
                    "version": "1.0"
                  }
                ],
                "logging": [
                  {
                    "delete": false,
                    "read": false,
                    "retention_policy_days": 0,
                    "version": "1.0",
                    "write": false
                  }
                ],
                "minute_metrics": [
                  {
                    "enabled": false,
                    "include_apis": false,
                    "retention_policy_days": 0,
                    "version": "1.0"
                  }
                ]
              }
            ],
            "resource_group_name": "rg-roamler-2308",
            "routing": [],
            "sas_policy": [],
            "secondary_access_key": "9A/dMsH1aEryuj2lPrDcZ5DEKdrl3slUsS8D1tL1oVV6s1ykeOHXkBtrJCKJnvCAJ7+vMNlZ7TLe+ASt/A6t5A==",
            "secondary_blob_connection_string": "",
            "secondary_blob_endpoint": "",
            "secondary_blob_host": "",
            "secondary_blob_internet_endpoint": "",
            "secondary_blob_internet_host": "",
            "secondary_blob_microsoft_endpoint": "",
            "secondary_blob_microsoft_host": "",
            "secondary_connection_string": "DefaultEndpointsProtocol=https;AccountName=storageroamler2308;AccountKey=9A/dMsH1aEryuj2lPrDcZ5DEKdrl3slUsS8D1tL1oVV6s1ykeOHXkBtrJCKJnvCAJ7+vMNlZ7TLe+ASt/A6t5A==;EndpointSuffix=core.windows.net",
            "secondary_dfs_endpoint": "",
            "secondary_dfs_host": "",
            "secondary_dfs_internet_endpoint": "",
            "secondary_dfs_internet_host": "",
            "secondary_dfs_microsoft_endpoint": "",
            "secondary_dfs_microsoft_host": "",
            "secondary_file_endpoint": "",
            "secondary_file_host": "",
            "secondary_file_internet_endpoint": "",
            "secondary_file_internet_host": "",
            "secondary_file_microsoft_endpoint": "",
            "secondary_file_microsoft_host": "",
            "secondary_location": "",
            "secondary_queue_endpoint": "",
            "secondary_queue_host": "",
            "secondary_queue_microsoft_endpoint": "",
            "secondary_queue_microsoft_host": "",
            "secondary_table_endpoint": "",
            "secondary_table_host": "",
            "secondary_table_microsoft_endpoint": "",
            "secondary_table_microsoft_host": "",
            "secondary_web_endpoint": "",
            "secondary_web_host": "",
            "secondary_web_internet_endpoint": "",
            "secondary_web_internet_host": "",
            "secondary_web_microsoft_endpoint": "",
            "secondary_web_microsoft_host": "",
            "sftp_enabled": false,
            "share_properties": [
              {
                "cors_rule": [],
                "retention_policy": [
                  {
                    "days": 7
                  }
                ],
                "smb": []
              }
            ],
            "shared_access_key_enabled": true,
            "static_website": [],
            "table_encryption_key_type": "Service",
            "tags": null,
            "timeouts": null
          },
          "sensitive_attributes": [],
          "private": "eyJlMmJmYjczMC1lY2FhLTExZTYtOGY4OC0zNDM2M2JjN2M0YzAiOnsiY3JlYXRlIjozNjAwMDAwMDAwMDAwLCJkZWxldGUiOjM2MDAwMDAwMDAwMDAsInJlYWQiOjMwMDAwMDAwMDAwMCwidXBkYXRlIjozNjAwMDAwMDAwMDAwfSwic2NoZW1hX3ZlcnNpb24iOiI0In0="
        }
      ]
    },
    {
      "mode": "managed",
      "type": "azurerm_user_assigned_identity",
      "name": "function_identity",
      "provider": "provider[\"registry.terraform.io/hashicorp/azurerm\"]",
      "instances": [
        {
          "schema_version": 1,
          "attributes": {
            "client_id": "8a9b677f-c3d7-4473-a156-b42845f9670b",
            "id": "/subscriptions/73762a0c-66a5-4c7e-9565-fc54854dcab0/resourceGroups/rg-roamler-2308/providers/Microsoft.ManagedIdentity/userAssignedIdentities/identity-roamler-2308",
            "location": "westeurope",
            "name": "identity-roamler-2308",
            "principal_id": "637dd29c-880a-4b75-8bf2-61c418d4fc1a",
            "resource_group_name": "rg-roamler-2308",
            "tags": {},
            "tenant_id": "bec7d3e8-515e-4282-bf0d-646467250948",
            "timeouts": null
          },
          "sensitive_attributes": [],
          "private": "eyJlMmJmYjczMC1lY2FhLTExZTYtOGY4OC0zNDM2M2JjN2M0YzAiOnsiY3JlYXRlIjoxODAwMDAwMDAwMDAwLCJkZWxldGUiOjE4MDAwMDAwMDAwMDAsInJlYWQiOjMwMDAwMDAwMDAwMCwidXBkYXRlIjoxODAwMDAwMDAwMDAwfSwic2NoZW1hX3ZlcnNpb24iOiIxIn0="
        }
      ]
    },
    {
      "mode": "managed",
      "type": "azurerm_windows_function_app",
      "name": "functionapp",
      "provider": "provider[\"registry.terraform.io/hashicorp/azurerm\"]",
      "instances": [
        {
          "schema_version": 1,
          "attributes": {
            "app_settings": null,
            "auth_settings": [],
            "auth_settings_v2": [],
            "backup": [],
            "builtin_logging_enabled": true,
            "client_certificate_enabled": false,
            "client_certificate_exclusion_paths": "",
            "client_certificate_mode": "Optional",
            "connection_string": [],
            "content_share_force_disabled": false,
            "custom_domain_verification_id": "0B5D05D1CEE0F1D9525649082BCA9AE2F69CC97EAAF66F3499429E3C93AB5BA3",
            "daily_memory_time_quota": 0,
            "default_hostname": "functionapp-roamler-2308.azurewebsites.net",
            "enabled": true,
            "ftp_publish_basic_authentication_enabled": true,
            "functions_extension_version": "~4",
            "hosting_environment_id": "",
            "https_only": false,
            "id": "/subscriptions/73762a0c-66a5-4c7e-9565-fc54854dcab0/resourceGroups/rg-roamler-2308/providers/Microsoft.Web/sites/functionapp-roamler-2308",
            "identity": [
              {
                "identity_ids": [
                  "/subscriptions/73762a0c-66a5-4c7e-9565-fc54854dcab0/resourceGroups/rg-roamler-2308/providers/Microsoft.ManagedIdentity/userAssignedIdentities/identity-roamler-2308"
                ],
                "principal_id": "",
                "tenant_id": "",
                "type": "UserAssigned"
              }
            ],
            "key_vault_reference_identity_id": "SystemAssigned",
            "kind": "functionapp",
            "location": "westeurope",
            "name": "functionapp-roamler-2308",
            "outbound_ip_address_list": [
              "20.4.95.181",
              "20.4.95.211",
              "20.13.64.24",
              "20.13.64.37",
              "20.13.64.119",
              "20.13.64.136",
              "20.105.224.26"
            ],
            "outbound_ip_addresses": "20.4.95.181,20.4.95.211,20.13.64.24,20.13.64.37,20.13.64.119,20.13.64.136,20.105.224.26",
            "possible_outbound_ip_address_list": [
              "20.4.93.202",
              "20.4.94.254",
              "20.4.95.52",
              "20.4.95.88",
              "20.4.95.165",
              "20.4.95.177",
              "20.13.67.6",
              "20.13.67.33",
              "20.13.67.53",
              "20.126.224.138",
              "20.31.176.82",
              "20.13.67.61",
              "20.13.67.105",
              "20.13.67.113",
              "20.13.67.181",
              "20.13.67.185",
              "20.31.182.203",
              "20.13.67.190",
              "20.4.95.181",
              "20.4.95.211",
              "20.13.64.24",
              "20.13.64.37",
              "20.13.64.119",
              "20.13.64.136",
              "20.13.64.171",
              "20.13.64.176",
              "20.13.65.75",
              "20.13.65.77",
              "20.13.65.119",
              "20.13.65.128",
              "20.13.65.150",
              "20.13.65.238",
              "20.13.65.247",
              "20.13.66.55",
              "20.13.66.94",
              "20.13.66.253",
              "20.13.67.6",
              "20.13.67.33",
              "20.13.67.53",
              "20.126.224.138",
              "20.31.176.82",
              "20.13.67.61",
              "20.13.67.105",
              "20.13.67.113",
              "20.13.67.181",
              "20.13.67.185",
              "20.31.182.203",
              "20.13.67.190",
              "20.13.67.197",
              "20.13.66.246",
              "20.13.68.0",
              "20.13.68.152",
              "20.13.68.172",
              "20.13.69.199",
              "20.105.224.26"
            ],
            "possible_outbound_ip_addresses": "20.4.93.202,20.4.94.254,20.4.95.52,20.4.95.88,20.4.95.165,20.4.95.177,20.13.67.6,20.13.67.33,20.13.67.53,20.126.224.138,20.31.176.82,20.13.67.61,20.13.67.105,20.13.67.113,20.13.67.181,20.13.67.185,20.31.182.203,20.13.67.190,20.4.95.181,20.4.95.211,20.13.64.24,20.13.64.37,20.13.64.119,20.13.64.136,20.13.64.171,20.13.64.176,20.13.65.75,20.13.65.77,20.13.65.119,20.13.65.128,20.13.65.150,20.13.65.238,20.13.65.247,20.13.66.55,20.13.66.94,20.13.66.253,20.13.67.6,20.13.67.33,20.13.67.53,20.126.224.138,20.31.176.82,20.13.67.61,20.13.67.105,20.13.67.113,20.13.67.181,20.13.67.185,20.31.182.203,20.13.67.190,20.13.67.197,20.13.66.246,20.13.68.0,20.13.68.152,20.13.68.172,20.13.69.199,20.105.224.26",
            "public_network_access_enabled": true,
            "resource_group_name": "rg-roamler-2308",
            "service_plan_id": "/subscriptions/73762a0c-66a5-4c7e-9565-fc54854dcab0/resourceGroups/rg-roamler-2308/providers/Microsoft.Web/serverFarms/appserviceplan-roamler-2308",
            "site_config": [
              {
                "always_on": false,
                "api_definition_url": "",
                "api_management_api_id": "",
                "app_command_line": "",
                "app_scale_limit": 0,
                "app_service_logs": [],
                "application_insights_connection_string": "",
                "application_insights_key": "",
                "application_stack": [
                  {
                    "dotnet_version": "v4.0",
                    "java_version": "",
                    "node_version": "",
                    "powershell_core_version": "",
                    "use_custom_runtime": false,
                    "use_dotnet_isolated_runtime": false
                  }
                ],
                "cors": [],
                "default_documents": [
                  "Default.htm",
                  "Default.html",
                  "Default.asp",
                  "index.htm",
                  "index.html",
                  "iisstart.htm",
                  "default.aspx",
                  "index.php"
                ],
                "detailed_error_logging_enabled": false,
                "elastic_instance_minimum": 0,
                "ftps_state": "Disabled",
                "health_check_eviction_time_in_min": 0,
                "health_check_path": "",
                "http2_enabled": false,
                "ip_restriction": [],
                "ip_restriction_default_action": "Allow",
                "load_balancing_mode": "LeastRequests",
                "managed_pipeline_mode": "Integrated",
                "minimum_tls_version": "1.2",
                "pre_warmed_instance_count": 0,
                "remote_debugging_enabled": false,
                "remote_debugging_version": "",
                "runtime_scale_monitoring_enabled": false,
                "scm_ip_restriction": [],
                "scm_ip_restriction_default_action": "Allow",
                "scm_minimum_tls_version": "1.2",
                "scm_type": "None",
                "scm_use_main_ip_restriction": false,
                "use_32_bit_worker": true,
                "vnet_route_all_enabled": false,
                "websockets_enabled": false,
                "windows_fx_version": "",
                "worker_count": 1
              }
            ],
            "site_credential": [
              {
                "name": "$functionapp-roamler-2308",
                "password": "1TZJX1PWT2vl2u0YFg4G1KFnZu7aWazaoPRu6frp8fu6DHcm3HHP8DTxguM3"
              }
            ],
            "sticky_settings": [],
            "storage_account": [],
            "storage_account_access_key": "JM0W3SXP+L+/4fN5l1gsN2owWKoAcPCyqfSG3mVMybp/8Hq2Vvjx6M7QmX9xwE3zmnrwRgXESlsW+AStAnEyQQ==",
            "storage_account_name": "storageroamler2308",
            "storage_key_vault_secret_id": "",
            "storage_uses_managed_identity": false,
            "tags": null,
            "timeouts": null,
            "virtual_network_subnet_id": "",
            "vnet_image_pull_enabled": false,
            "webdeploy_publish_basic_authentication_enabled": true,
            "zip_deploy_file": ""
          },
          "sensitive_attributes": [
            [
              {
                "type": "get_attr",
                "value": "storage_account_access_key"
              }
            ]
          ],
          "private": "eyJlMmJmYjczMC1lY2FhLTExZTYtOGY4OC0zNDM2M2JjN2M0YzAiOnsiY3JlYXRlIjoxODAwMDAwMDAwMDAwLCJkZWxldGUiOjE4MDAwMDAwMDAwMDAsInJlYWQiOjMwMDAwMDAwMDAwMCwidXBkYXRlIjoxODAwMDAwMDAwMDAwfSwic2NoZW1hX3ZlcnNpb24iOiIxIn0=",
          "dependencies": [
            "azurerm_key_vault.keyvault",
            "azurerm_key_vault_access_policy.kv_policy",
            "azurerm_service_plan.asp",
            "azurerm_storage_account.storage",
            "azurerm_user_assigned_identity.function_identity",
            "data.azurerm_client_config.current"
          ]
        }
      ]
    }
  ],
  "check_results": null
}
